
Microsoft Visual Studio Solution File, Format Version 12.00
# Visual Studio 15
VisualStudioVersion = 15.0.26124.0
MinimumVisualStudioVersion = 15.0.26124.0
Project("{2150E333-8FDC-42A3-9474-1A3956D46DE8}") = "Generation", "Generation", "{2DA2B8E5-AC7C-4E4F-8504-2D487F1705A2}"
EndProject
Project("{FAE04EC0-301F-11D3-BF4B-00C04F79EFBC}") = "CSharp", "Generation\CSharp\CSharp.csproj", "{951B8A2B-2917-46DF-8479-41850F64980E}"
EndProject
Global
	GlobalSection(SolutionConfigurationPlatforms) = preSolution
		Debug|Any CPU = Debug|Any CPU
		Debug|x64 = Debug|x64
		Debug|x86 = Debug|x86
		Release|Any CPU = Release|Any CPU
		Release|x64 = Release|x64
		Release|x86 = Release|x86
	EndGlobalSection
	GlobalSection(SolutionProperties) = preSolution
		HideSolutionNode = FALSE
	EndGlobalSection
	GlobalSection(ProjectConfigurationPlatforms) = postSolution
		{951B8A2B-2917-46DF-8479-41850F64980E}.Debug|Any CPU.ActiveCfg = Debug|Any CPU
		{951B8A2B-2917-46DF-8479-41850F64980E}.Debug|Any CPU.Build.0 = Debug|Any CPU
		{951B8A2B-2917-46DF-8479-41850F64980E}.Debug|x64.ActiveCfg = Debug|Any CPU
		{951B8A2B-2917-46DF-8479-41850F64980E}.Debug|x64.Build.0 = Debug|Any CPU
		{951B8A2B-2917-46DF-8479-41850F64980E}.Debug|x86.ActiveCfg = Debug|Any CPU
		{951B8A2B-2917-46DF-8479-41850F64980E}.Debug|x86.Build.0 = Debug|Any CPU
		{951B8A2B-2917-46DF-8479-41850F64980E}.Release|Any CPU.ActiveCfg = Release|Any CPU
		{951B8A2B-2917-46DF-8479-41850F64980E}.Release|Any CPU.Build.0 = Release|Any CPU
		{951B8A2B-2917-46DF-8479-41850F64980E}.Release|x64.ActiveCfg = Release|Any CPU
		{951B8A2B-2917-46DF-8479-41850F64980E}.Release|x64.Build.0 = Release|Any CPU
		{951B8A2B-2917-46DF-8479-41850F64980E}.Release|x86.ActiveCfg = Release|Any CPU
		{951B8A2B-2917-46DF-8479-41850F64980E}.Release|x86.Build.0 = Release|Any CPU
	EndGlobalSection
	GlobalSection(NestedProjects) = preSolution
		{951B8A2B-2917-46DF-8479-41850F64980E} = {2DA2B8E5-AC7C-4E4F-8504-2D487F1705A2}
	EndGlobalSection
EndGlobal
